
Microsoft Visual Studio Solution File, Format Version 12.00
# Visual Studio Version 17
VisualStudioVersion = 17.5.33530.505
MinimumVisualStudioVersion = 10.0.40219.1
Project("{9A19103F-16F7-4668-BE54-9A1E7A4F7556}") = "ActorsRazorPages", "ActorsRazorPages\ActorsRazorPages.csproj", "{41D90044-80C3-4B6A-AB7F-40E2F38EBAE4}"
EndProject
Project("{9A19103F-16F7-4668-BE54-9A1E7A4F7556}") = "CakeStoreApi", "CakeStoreApi\CakeStoreApi.csproj", "{BB38BBB3-7054-4CEA-A776-E1453C35774C}"
EndProject
Project("{9A19103F-16F7-4668-BE54-9A1E7A4F7556}") = "PollApp", "PollApp\PollApp.csproj", "{1E9B7658-B84F-4501-859C-15E5BEA51265}"
EndProject
Project("{9A19103F-16F7-4668-BE54-9A1E7A4F7556}") = "CitiesWebsite", "CitiesWebsite\CitiesWebsite\CitiesWebsite.csproj", "{69676C97-A681-495F-935B-CA35A7F4A1E8}"
EndProject
Global
	GlobalSection(SolutionConfigurationPlatforms) = preSolution
		Debug|Any CPU = Debug|Any CPU
		Release|Any CPU = Release|Any CPU
	EndGlobalSection
	GlobalSection(ProjectConfigurationPlatforms) = postSolution
		{41D90044-80C3-4B6A-AB7F-40E2F38EBAE4}.Debug|Any CPU.ActiveCfg = Debug|Any CPU
		{41D90044-80C3-4B6A-AB7F-40E2F38EBAE4}.Debug|Any CPU.Build.0 = Debug|Any CPU
		{41D90044-80C3-4B6A-AB7F-40E2F38EBAE4}.Release|Any CPU.ActiveCfg = Release|Any CPU
		{41D90044-80C3-4B6A-AB7F-40E2F38EBAE4}.Release|Any CPU.Build.0 = Release|Any CPU
		{BB38BBB3-7054-4CEA-A776-E1453C35774C}.Debug|Any CPU.ActiveCfg = Debug|Any CPU
		{BB38BBB3-7054-4CEA-A776-E1453C35774C}.Debug|Any CPU.Build.0 = Debug|Any CPU
		{BB38BBB3-7054-4CEA-A776-E1453C35774C}.Release|Any CPU.ActiveCfg = Release|Any CPU
		{BB38BBB3-7054-4CEA-A776-E1453C35774C}.Release|Any CPU.Build.0 = Release|Any CPU
		{1E9B7658-B84F-4501-859C-15E5BEA51265}.Debug|Any CPU.ActiveCfg = Debug|Any CPU
		{1E9B7658-B84F-4501-859C-15E5BEA51265}.Debug|Any CPU.Build.0 = Debug|Any CPU
		{1E9B7658-B84F-4501-859C-15E5BEA51265}.Release|Any CPU.ActiveCfg = Release|Any CPU
		{1E9B7658-B84F-4501-859C-15E5BEA51265}.Release|Any CPU.Build.0 = Release|Any CPU
		{69676C97-A681-495F-935B-CA35A7F4A1E8}.Debug|Any CPU.ActiveCfg = Debug|Any CPU
		{69676C97-A681-495F-935B-CA35A7F4A1E8}.Debug|Any CPU.Build.0 = Debug|Any CPU
		{69676C97-A681-495F-935B-CA35A7F4A1E8}.Release|Any CPU.ActiveCfg = Release|Any CPU
		{69676C97-A681-495F-935B-CA35A7F4A1E8}.Release|Any CPU.Build.0 = Release|Any CPU
	EndGlobalSection
	GlobalSection(SolutionProperties) = preSolution
		HideSolutionNode = FALSE
	EndGlobalSection
	GlobalSection(ExtensibilityGlobals) = postSolution
		SolutionGuid = {3CDDEB37-04BC-4F4A-A455-24212828FDEC}
	EndGlobalSection
EndGlobal
